
Microsoft Visual Studio Solution File, Format Version 12.00
# Visual Studio Version 17
VisualStudioVersion = 17.13.36105.23
MinimumVisualStudioVersion = 10.0.40219.1
Project("{FAE04EC0-301F-11D3-BF4B-00C04F79EFBC}") = "Thotasael", "Thotasael\Thotasael.csproj", "{1FBB4747-F9C4-4685-8662-834AEEC39AEE}"
EndProject
Project("{FAE04EC0-301F-11D3-BF4B-00C04F79EFBC}") = "ThotasaelTest", "ThotasaelTest\ThotasaelTest.csproj", "{69AE4F5D-97B1-49EB-9584-487F38F3626E}"
EndProject
Global
	GlobalSection(SolutionConfigurationPlatforms) = preSolution
		Debug|Any CPU = Debug|Any CPU
		Release|Any CPU = Release|Any CPU
	EndGlobalSection
	GlobalSection(ProjectConfigurationPlatforms) = postSolution
		{1FBB4747-F9C4-4685-8662-834AEEC39AEE}.Debug|Any CPU.ActiveCfg = Debug|Any CPU
		{1FBB4747-F9C4-4685-8662-834AEEC39AEE}.Debug|Any CPU.Build.0 = Debug|Any CPU
		{1FBB4747-F9C4-4685-8662-834AEEC39AEE}.Release|Any CPU.ActiveCfg = Release|Any CPU
		{1FBB4747-F9C4-4685-8662-834AEEC39AEE}.Release|Any CPU.Build.0 = Release|Any CPU
		{69AE4F5D-97B1-49EB-9584-487F38F3626E}.Debug|Any CPU.ActiveCfg = Debug|Any CPU
		{69AE4F5D-97B1-49EB-9584-487F38F3626E}.Debug|Any CPU.Build.0 = Debug|Any CPU
		{69AE4F5D-97B1-49EB-9584-487F38F3626E}.Release|Any CPU.ActiveCfg = Release|Any CPU
		{69AE4F5D-97B1-49EB-9584-487F38F3626E}.Release|Any CPU.Build.0 = Release|Any CPU
	EndGlobalSection
	GlobalSection(SolutionProperties) = preSolution
		HideSolutionNode = FALSE
	EndGlobalSection
	GlobalSection(ExtensibilityGlobals) = postSolution
		SolutionGuid = {676D73B9-7535-4A5D-8287-136227292402}
	EndGlobalSection
EndGlobal
